
Microsoft Visual Studio Solution File, Format Version 11.00
# Visual Studio 2010
Project("{FAE04EC0-301F-11D3-BF4B-00C04F79EFBC}") = "Db", "Db.csproj", "{E2BDBF6D-5180-46F6-AE38-78FD58201933}"
EndProject
Global
	GlobalSection(SolutionConfigurationPlatforms) = preSolution
		Debug|Any CPU = Debug|Any CPU
		Release|Any CPU = Release|Any CPU
	EndGlobalSection
	GlobalSection(ProjectConfigurationPlatforms) = postSolution
		{E2BDBF6D-5180-46F6-AE38-78FD58201933}.Debug|Any CPU.ActiveCfg = Debug|Any CPU
		{E2BDBF6D-5180-46F6-AE38-78FD58201933}.Debug|Any CPU.Build.0 = Debug|Any CPU
		{E2BDBF6D-5180-46F6-AE38-78FD58201933}.Release|Any CPU.ActiveCfg = Release|Any CPU
		{E2BDBF6D-5180-46F6-AE38-78FD58201933}.Release|Any CPU.Build.0 = Release|Any CPU
	EndGlobalSection
	GlobalSection(SolutionProperties) = preSolution
		HideSolutionNode = FALSE
	EndGlobalSection
EndGlobal
